// !$*UTF8*$!
{
 archiveVersion = 1;
 classes = {};
 objectVersion = 56;
 objects = {
  A00000000000000000000001 = {isa = PBXFileReference; lastKnownFileType = sourcecode.c.objc; path = main.m; sourceTree = "<group>"; };
  A00000000000000000000002 = {isa = PBXFileReference; lastKnownFileType = text.plist.xml; path = Info.plist; sourceTree = "<group>"; };
  A00000000000000000000003 = {isa = PBXFileReference; explicitFileType = wrapper.application; includeInIndex = 0; path = BigWalkProbe.app; sourceTree = BUILT_PRODUCTS_DIR; };
  A00000000000000000000004 = {isa = PBXBuildFile; fileRef = A00000000000000000000001; };
  A00000000000000000000005 = {isa = PBXGroup; children = (A00000000000000000000001, A00000000000000000000002,  A00000000000000000000006); sourceTree = "<group>"; };
  A00000000000000000000006 = {isa = PBXGroup; children = (A00000000000000000000003); name = Products; sourceTree = "<group>"; };
  A00000000000000000000007 = {isa = PBXSourcesBuildPhase; buildActionMask = 2147483647; files = (A00000000000000000000004); runOnlyForDeploymentPostprocessing = 0; };
  A00000000000000000000008 = {isa = PBXFrameworksBuildPhase; buildActionMask = 2147483647; files = (); runOnlyForDeploymentPostprocessing = 0; };
  A00000000000000000000009 = {isa = PBXResourcesBuildPhase; buildActionMask = 2147483647; files = (); runOnlyForDeploymentPostprocessing = 0; };
  A0000000000000000000000A = {isa = PBXNativeTarget; buildConfigurationList = A0000000000000000000000E; buildPhases = (A00000000000000000000007, A00000000000000000000008, A00000000000000000000009); buildRules = (); dependencies = (); name = BigWalkProbe; productName = BigWalkProbe; productReference = A00000000000000000000003; productType = "com.apple.product-type.application"; };
  A0000000000000000000000B = {isa = PBXProject; attributes = { LastUpgradeCheck = 2660; TargetAttributes = { A0000000000000000000000A = { ProvisioningStyle = Automatic; }; }; }; buildConfigurationList = A0000000000000000000000D; compatibilityVersion = "Xcode 14.0"; developmentRegion = en; hasScannedForEncodings = 0; knownRegions = (en); mainGroup = A00000000000000000000005; productRefGroup = A00000000000000000000006; projectDirPath = ""; projectRoot = ""; targets = (A0000000000000000000000A); };
  A0000000000000000000000C = {isa = XCBuildConfiguration; buildSettings = { SDKROOT = iphoneos; }; name = Debug; };
  A0000000000000000000000D = {isa = XCConfigurationList; buildConfigurations = (A0000000000000000000000C); defaultConfigurationIsVisible = 0; defaultConfigurationName = Debug; };
  A0000000000000000000000E = {isa = XCConfigurationList; buildConfigurations = (A0000000000000000000000F); defaultConfigurationIsVisible = 0; defaultConfigurationName = Debug; };
  A0000000000000000000000F = {isa = XCBuildConfiguration; buildSettings = {  PRODUCT_BUNDLE_IDENTIFIER = dev.xzk.bigwalkprobe;  DEVELOPMENT_TEAM = ""; INFOPLIST_FILE = Info.plist; GENERATE_INFOPLIST_FILE = NO; IPHONEOS_DEPLOYMENT_TARGET = 17.0; TARGETED_DEVICE_FAMILY = "1,2"; CODE_SIGN_STYLE = Automatic; CODE_SIGN_ENTITLEMENTS = BigWalkProbe.entitlements; PRODUCT_NAME = BigWalkProbe; CLANG_ENABLE_MODULES = YES; CLANG_ENABLE_OBJC_ARC = YES; LD_RUNPATH_SEARCH_PATHS = "@executable_path/Frameworks"; OTHER_LDFLAGS = ("-framework", UIKit, "-framework", Foundation, "-framework", Metal, "-framework", MetalKit, "-framework", QuartzCore); }; name = Debug; };
 };
 rootObject = A0000000000000000000000B;
}
